
Microsoft Visual Studio Solution File, Format Version 12.00
# Visual Studio 15
VisualStudioVersion = 15.0.27703.2026
MinimumVisualStudioVersion = 10.0.40219.1
Project("{9A19103F-16F7-4668-BE54-9A1E7A4F7556}") = "gitter", "gitter\gitter.csproj", "{258F0F0B-EB2A-418B-88AF-2914405D051B}"
EndProject
Project("{FAE04EC0-301F-11D3-BF4B-00C04F79EFBC}") = "gitter.Tests", "gitter.Tests\gitter.Tests.csproj", "{B0472D10-0F35-4ED1-A681-4B988E7979A3}"
EndProject
Global
	GlobalSection(SolutionConfigurationPlatforms) = preSolution
		Debug|Any CPU = Debug|Any CPU
		Release|Any CPU = Release|Any CPU
	EndGlobalSection
	GlobalSection(ProjectConfigurationPlatforms) = postSolution
		{258F0F0B-EB2A-418B-88AF-2914405D051B}.Debug|Any CPU.ActiveCfg = Debug|Any CPU
		{258F0F0B-EB2A-418B-88AF-2914405D051B}.Debug|Any CPU.Build.0 = Debug|Any CPU
		{258F0F0B-EB2A-418B-88AF-2914405D051B}.Release|Any CPU.ActiveCfg = Release|Any CPU
		{258F0F0B-EB2A-418B-88AF-2914405D051B}.Release|Any CPU.Build.0 = Release|Any CPU
		{B0472D10-0F35-4ED1-A681-4B988E7979A3}.Debug|Any CPU.ActiveCfg = Debug|Any CPU
		{B0472D10-0F35-4ED1-A681-4B988E7979A3}.Debug|Any CPU.Build.0 = Debug|Any CPU
		{B0472D10-0F35-4ED1-A681-4B988E7979A3}.Release|Any CPU.ActiveCfg = Release|Any CPU
		{B0472D10-0F35-4ED1-A681-4B988E7979A3}.Release|Any CPU.Build.0 = Release|Any CPU
	EndGlobalSection
	GlobalSection(SolutionProperties) = preSolution
		HideSolutionNode = FALSE
	EndGlobalSection
	GlobalSection(ExtensibilityGlobals) = postSolution
		SolutionGuid = {32D05A5F-583A-44C7-B9E3-0C65E228D980}
	EndGlobalSection
EndGlobal
